
Microsoft Visual Studio Solution File, Format Version 12.00
# Visual Studio Version 17
VisualStudioVersion = 17.3.32811.315
MinimumVisualStudioVersion = 10.0.40219.1
Project("{FAE04EC0-301F-11D3-BF4B-00C04F79EFBC}") = "Bingo", "Bingo\Bingo.csproj", "{FBFDAE52-E484-44C9-B37D-2C2BF41B4BBE}"
EndProject
Global
	GlobalSection(SolutionConfigurationPlatforms) = preSolution
		Debug|Any CPU = Debug|Any CPU
		Release|Any CPU = Release|Any CPU
	EndGlobalSection
	GlobalSection(ProjectConfigurationPlatforms) = postSolution
		{FBFDAE52-E484-44C9-B37D-2C2BF41B4BBE}.Debug|Any CPU.ActiveCfg = Debug|Any CPU
		{FBFDAE52-E484-44C9-B37D-2C2BF41B4BBE}.Debug|Any CPU.Build.0 = Debug|Any CPU
		{FBFDAE52-E484-44C9-B37D-2C2BF41B4BBE}.Release|Any CPU.ActiveCfg = Release|Any CPU
		{FBFDAE52-E484-44C9-B37D-2C2BF41B4BBE}.Release|Any CPU.Build.0 = Release|Any CPU
	EndGlobalSection
	GlobalSection(SolutionProperties) = preSolution
		HideSolutionNode = FALSE
	EndGlobalSection
	GlobalSection(ExtensibilityGlobals) = postSolution
		SolutionGuid = {9E82BBD7-E0C6-4AEA-B428-D050EA5B53CE}
	EndGlobalSection
EndGlobal
